
Microsoft Visual Studio Solution File, Format Version 12.00
# Visual Studio 15
VisualStudioVersion = 15.0.27703.2018
MinimumVisualStudioVersion = 10.0.40219.1
Project("{FAE04EC0-301F-11D3-BF4B-00C04F79EFBC}") = "Clima.Android", "Clima\Clima.Android\Clima.Android.csproj", "{6C205B7C-B0FE-476A-9DEC-B3F669D6CFB8}"
EndProject
Project("{FAE04EC0-301F-11D3-BF4B-00C04F79EFBC}") = "Clima.iOS", "Clima\Clima.iOS\Clima.iOS.csproj", "{2E1CFFE1-8121-4008-8EFE-E8B132BE3DD9}"
EndProject
Project("{FAE04EC0-301F-11D3-BF4B-00C04F79EFBC}") = "Clima", "Clima\Clima\Clima.csproj", "{58F4FCD0-F1EA-4F79-90EF-5C1D3988AE48}"
EndProject
Global
	GlobalSection(SolutionConfigurationPlatforms) = preSolution
		Ad-Hoc|Any CPU = Ad-Hoc|Any CPU
		Ad-Hoc|iPhone = Ad-Hoc|iPhone
		Ad-Hoc|iPhoneSimulator = Ad-Hoc|iPhoneSimulator
		AppStore|Any CPU = AppStore|Any CPU
		AppStore|iPhone = AppStore|iPhone
		AppStore|iPhoneSimulator = AppStore|iPhoneSimulator
		Debug|Any CPU = Debug|Any CPU
		Debug|iPhone = Debug|iPhone
		Debug|iPhoneSimulator = Debug|iPhoneSimulator
		Release|Any CPU = Release|Any CPU
		Release|iPhone = Release|iPhone
		Release|iPhoneSimulator = Release|iPhoneSimulator
	EndGlobalSection
	GlobalSection(ProjectConfigurationPlatforms) = postSolution
		{6C205B7C-B0FE-476A-9DEC-B3F669D6CFB8}.Ad-Hoc|Any CPU.ActiveCfg = Release|Any CPU
		{6C205B7C-B0FE-476A-9DEC-B3F669D6CFB8}.Ad-Hoc|Any CPU.Build.0 = Release|Any CPU
		{6C205B7C-B0FE-476A-9DEC-B3F669D6CFB8}.Ad-Hoc|Any CPU.Deploy.0 = Release|Any CPU
		{6C205B7C-B0FE-476A-9DEC-B3F669D6CFB8}.Ad-Hoc|iPhone.ActiveCfg = Release|Any CPU
		{6C205B7C-B0FE-476A-9DEC-B3F669D6CFB8}.Ad-Hoc|iPhone.Build.0 = Release|Any CPU
		{6C205B7C-B0FE-476A-9DEC-B3F669D6CFB8}.Ad-Hoc|iPhone.Deploy.0 = Release|Any CPU
		{6C205B7C-B0FE-476A-9DEC-B3F669D6CFB8}.Ad-Hoc|iPhoneSimulator.ActiveCfg = Release|Any CPU
		{6C205B7C-B0FE-476A-9DEC-B3F669D6CFB8}.Ad-Hoc|iPhoneSimulator.Build.0 = Release|Any CPU
		{6C205B7C-B0FE-476A-9DEC-B3F669D6CFB8}.Ad-Hoc|iPhoneSimulator.Deploy.0 = Release|Any CPU
		{6C205B7C-B0FE-476A-9DEC-B3F669D6CFB8}.AppStore|Any CPU.ActiveCfg = Release|Any CPU
		{6C205B7C-B0FE-476A-9DEC-B3F669D6CFB8}.AppStore|Any CPU.Build.0 = Release|Any CPU
		{6C205B7C-B0FE-476A-9DEC-B3F669D6CFB8}.AppStore|Any CPU.Deploy.0 = Release|Any CPU
		{6C205B7C-B0FE-476A-9DEC-B3F669D6CFB8}.AppStore|iPhone.ActiveCfg = Release|Any CPU
		{6C205B7C-B0FE-476A-9DEC-B3F669D6CFB8}.AppStore|iPhone.Build.0 = Release|Any CPU
		{6C205B7C-B0FE-476A-9DEC-B3F669D6CFB8}.AppStore|iPhone.Deploy.0 = Release|Any CPU
		{6C205B7C-B0FE-476A-9DEC-B3F669D6CFB8}.AppStore|iPhoneSimulator.ActiveCfg = Release|Any CPU
		{6C205B7C-B0FE-476A-9DEC-B3F669D6CFB8}.AppStore|iPhoneSimulator.Build.0 = Release|Any CPU
		{6C205B7C-B0FE-476A-9DEC-B3F669D6CFB8}.AppStore|iPhoneSimulator.Deploy.0 = Release|Any CPU
		{6C205B7C-B0FE-476A-9DEC-B3F669D6CFB8}.Debug|Any CPU.ActiveCfg = Debug|Any CPU
		{6C205B7C-B0FE-476A-9DEC-B3F669D6CFB8}.Debug|Any CPU.Build.0 = Debug|Any CPU
		{6C205B7C-B0FE-476A-9DEC-B3F669D6CFB8}.Debug|Any CPU.Deploy.0 = Debug|Any CPU
		{6C205B7C-B0FE-476A-9DEC-B3F669D6CFB8}.Debug|iPhone.ActiveCfg = Debug|Any CPU
		{6C205B7C-B0FE-476A-9DEC-B3F669D6CFB8}.Debug|iPhone.Build.0 = Debug|Any CPU
		{6C205B7C-B0FE-476A-9DEC-B3F669D6CFB8}.Debug|iPhone.Deploy.0 = Debug|Any CPU
		{6C205B7C-B0FE-476A-9DEC-B3F669D6CFB8}.Debug|iPhoneSimulator.ActiveCfg = Debug|Any CPU
		{6C205B7C-B0FE-476A-9DEC-B3F669D6CFB8}.Debug|iPhoneSimulator.Build.0 = Debug|Any CPU
		{6C205B7C-B0FE-476A-9DEC-B3F669D6CFB8}.Debug|iPhoneSimulator.Deploy.0 = Debug|Any CPU
		{6C205B7C-B0FE-476A-9DEC-B3F669D6CFB8}.Release|Any CPU.ActiveCfg = Release|Any CPU
		{6C205B7C-B0FE-476A-9DEC-B3F669D6CFB8}.Release|Any CPU.Build.0 = Release|Any CPU
		{6C205B7C-B0FE-476A-9DEC-B3F669D6CFB8}.Release|Any CPU.Deploy.0 = Release|Any CPU
		{6C205B7C-B0FE-476A-9DEC-B3F669D6CFB8}.Release|iPhone.ActiveCfg = Release|Any CPU
		{6C205B7C-B0FE-476A-9DEC-B3F669D6CFB8}.Release|iPhone.Build.0 = Release|Any CPU
		{6C205B7C-B0FE-476A-9DEC-B3F669D6CFB8}.Release|iPhone.Deploy.0 = Release|Any CPU
		{6C205B7C-B0FE-476A-9DEC-B3F669D6CFB8}.Release|iPhoneSimulator.ActiveCfg = Release|Any CPU
		{6C205B7C-B0FE-476A-9DEC-B3F669D6CFB8}.Release|iPhoneSimulator.Build.0 = Release|Any CPU
		{6C205B7C-B0FE-476A-9DEC-B3F669D6CFB8}.Release|iPhoneSimulator.Deploy.0 = Release|Any CPU
		{2E1CFFE1-8121-4008-8EFE-E8B132BE3DD9}.Ad-Hoc|Any CPU.ActiveCfg = Ad-Hoc|iPhone
		{2E1CFFE1-8121-4008-8EFE-E8B132BE3DD9}.Ad-Hoc|Any CPU.Build.0 = Ad-Hoc|iPhone
		{2E1CFFE1-8121-4008-8EFE-E8B132BE3DD9}.Ad-Hoc|Any CPU.Deploy.0 = Ad-Hoc|iPhone
		{2E1CFFE1-8121-4008-8EFE-E8B132BE3DD9}.Ad-Hoc|iPhone.ActiveCfg = Ad-Hoc|iPhone
		{2E1CFFE1-8121-4008-8EFE-E8B132BE3DD9}.Ad-Hoc|iPhone.Build.0 = Ad-Hoc|iPhone
		{2E1CFFE1-8121-4008-8EFE-E8B132BE3DD9}.Ad-Hoc|iPhone.Deploy.0 = Ad-Hoc|iPhone
		{2E1CFFE1-8121-4008-8EFE-E8B132BE3DD9}.Ad-Hoc|iPhoneSimulator.ActiveCfg = Ad-Hoc|iPhoneSimulator
		{2E1CFFE1-8121-4008-8EFE-E8B132BE3DD9}.Ad-Hoc|iPhoneSimulator.Build.0 = Ad-Hoc|iPhoneSimulator
		{2E1CFFE1-8121-4008-8EFE-E8B132BE3DD9}.Ad-Hoc|iPhoneSimulator.Deploy.0 = Ad-Hoc|iPhoneSimulator
		{2E1CFFE1-8121-4008-8EFE-E8B132BE3DD9}.AppStore|Any CPU.ActiveCfg = AppStore|iPhone
		{2E1CFFE1-8121-4008-8EFE-E8B132BE3DD9}.AppStore|Any CPU.Build.0 = AppStore|iPhone
		{2E1CFFE1-8121-4008-8EFE-E8B132BE3DD9}.AppStore|Any CPU.Deploy.0 = AppStore|iPhone
		{2E1CFFE1-8121-4008-8EFE-E8B132BE3DD9}.AppStore|iPhone.ActiveCfg = AppStore|iPhone
		{2E1CFFE1-8121-4008-8EFE-E8B132BE3DD9}.AppStore|iPhone.Build.0 = AppStore|iPhone
		{2E1CFFE1-8121-4008-8EFE-E8B132BE3DD9}.AppStore|iPhone.Deploy.0 = AppStore|iPhone
		{2E1CFFE1-8121-4008-8EFE-E8B132BE3DD9}.AppStore|iPhoneSimulator.ActiveCfg = AppStore|iPhoneSimulator
		{2E1CFFE1-8121-4008-8EFE-E8B132BE3DD9}.AppStore|iPhoneSimulator.Build.0 = AppStore|iPhoneSimulator
		{2E1CFFE1-8121-4008-8EFE-E8B132BE3DD9}.AppStore|iPhoneSimulator.Deploy.0 = AppStore|iPhoneSimulator
		{2E1CFFE1-8121-4008-8EFE-E8B132BE3DD9}.Debug|Any CPU.ActiveCfg = Debug|iPhoneSimulator
		{2E1CFFE1-8121-4008-8EFE-E8B132BE3DD9}.Debug|Any CPU.Build.0 = Debug|iPhoneSimulator
		{2E1CFFE1-8121-4008-8EFE-E8B132BE3DD9}.Debug|Any CPU.Deploy.0 = Debug|iPhoneSimulator
		{2E1CFFE1-8121-4008-8EFE-E8B132BE3DD9}.Debug|iPhone.ActiveCfg = Debug|iPhone
		{2E1CFFE1-8121-4008-8EFE-E8B132BE3DD9}.Debug|iPhone.Build.0 = Debug|iPhone
		{2E1CFFE1-8121-4008-8EFE-E8B132BE3DD9}.Debug|iPhone.Deploy.0 = Debug|iPhone
		{2E1CFFE1-8121-4008-8EFE-E8B132BE3DD9}.Debug|iPhoneSimulator.ActiveCfg = Debug|iPhoneSimulator
		{2E1CFFE1-8121-4008-8EFE-E8B132BE3DD9}.Debug|iPhoneSimulator.Build.0 = Debug|iPhoneSimulator
		{2E1CFFE1-8121-4008-8EFE-E8B132BE3DD9}.Debug|iPhoneSimulator.Deploy.0 = Debug|iPhoneSimulator
		{2E1CFFE1-8121-4008-8EFE-E8B132BE3DD9}.Release|Any CPU.ActiveCfg = Release|iPhone
		{2E1CFFE1-8121-4008-8EFE-E8B132BE3DD9}.Release|Any CPU.Build.0 = Release|iPhone
		{2E1CFFE1-8121-4008-8EFE-E8B132BE3DD9}.Release|Any CPU.Deploy.0 = Release|iPhone
		{2E1CFFE1-8121-4008-8EFE-E8B132BE3DD9}.Release|iPhone.ActiveCfg = Release|iPhone
		{2E1CFFE1-8121-4008-8EFE-E8B132BE3DD9}.Release|iPhone.Build.0 = Release|iPhone
		{2E1CFFE1-8121-4008-8EFE-E8B132BE3DD9}.Release|iPhone.Deploy.0 = Release|iPhone
		{2E1CFFE1-8121-4008-8EFE-E8B132BE3DD9}.Release|iPhoneSimulator.ActiveCfg = Release|iPhoneSimulator
		{2E1CFFE1-8121-4008-8EFE-E8B132BE3DD9}.Release|iPhoneSimulator.Build.0 = Release|iPhoneSimulator
		{2E1CFFE1-8121-4008-8EFE-E8B132BE3DD9}.Release|iPhoneSimulator.Deploy.0 = Release|iPhoneSimulator
		{58F4FCD0-F1EA-4F79-90EF-5C1D3988AE48}.Ad-Hoc|Any CPU.ActiveCfg = Debug|Any CPU
		{58F4FCD0-F1EA-4F79-90EF-5C1D3988AE48}.Ad-Hoc|Any CPU.Build.0 = Debug|Any CPU
		{58F4FCD0-F1EA-4F79-90EF-5C1D3988AE48}.Ad-Hoc|Any CPU.Deploy.0 = Debug|Any CPU
		{58F4FCD0-F1EA-4F79-90EF-5C1D3988AE48}.Ad-Hoc|iPhone.ActiveCfg = Debug|Any CPU
		{58F4FCD0-F1EA-4F79-90EF-5C1D3988AE48}.Ad-Hoc|iPhone.Build.0 = Debug|Any CPU
		{58F4FCD0-F1EA-4F79-90EF-5C1D3988AE48}.Ad-Hoc|iPhone.Deploy.0 = Debug|Any CPU
		{58F4FCD0-F1EA-4F79-90EF-5C1D3988AE48}.Ad-Hoc|iPhoneSimulator.ActiveCfg = Debug|Any CPU
		{58F4FCD0-F1EA-4F79-90EF-5C1D3988AE48}.Ad-Hoc|iPhoneSimulator.Build.0 = Debug|Any CPU
		{58F4FCD0-F1EA-4F79-90EF-5C1D3988AE48}.Ad-Hoc|iPhoneSimulator.Deploy.0 = Debug|Any CPU
		{58F4FCD0-F1EA-4F79-90EF-5C1D3988AE48}.AppStore|Any CPU.ActiveCfg = Debug|Any CPU
		{58F4FCD0-F1EA-4F79-90EF-5C1D3988AE48}.AppStore|Any CPU.Build.0 = Debug|Any CPU
		{58F4FCD0-F1EA-4F79-90EF-5C1D3988AE48}.AppStore|Any CPU.Deploy.0 = Debug|Any CPU
		{58F4FCD0-F1EA-4F79-90EF-5C1D3988AE48}.AppStore|iPhone.ActiveCfg = Debug|Any CPU
		{58F4FCD0-F1EA-4F79-90EF-5C1D3988AE48}.AppStore|iPhone.Build.0 = Debug|Any CPU
		{58F4FCD0-F1EA-4F79-90EF-5C1D3988AE48}.AppStore|iPhone.Deploy.0 = Debug|Any CPU
		{58F4FCD0-F1EA-4F79-90EF-5C1D3988AE48}.AppStore|iPhoneSimulator.ActiveCfg = Debug|Any CPU
		{58F4FCD0-F1EA-4F79-90EF-5C1D3988AE48}.AppStore|iPhoneSimulator.Build.0 = Debug|Any CPU
		{58F4FCD0-F1EA-4F79-90EF-5C1D3988AE48}.AppStore|iPhoneSimulator.Deploy.0 = Debug|Any CPU
		{58F4FCD0-F1EA-4F79-90EF-5C1D3988AE48}.Debug|Any CPU.ActiveCfg = Debug|Any CPU
		{58F4FCD0-F1EA-4F79-90EF-5C1D3988AE48}.Debug|Any CPU.Build.0 = Debug|Any CPU
		{58F4FCD0-F1EA-4F79-90EF-5C1D3988AE48}.Debug|Any CPU.Deploy.0 = Debug|Any CPU
		{58F4FCD0-F1EA-4F79-90EF-5C1D3988AE48}.Debug|iPhone.ActiveCfg = Debug|Any CPU
		{58F4FCD0-F1EA-4F79-90EF-5C1D3988AE48}.Debug|iPhone.Build.0 = Debug|Any CPU
		{58F4FCD0-F1EA-4F79-90EF-5C1D3988AE48}.Debug|iPhone.Deploy.0 = Debug|Any CPU
		{58F4FCD0-F1EA-4F79-90EF-5C1D3988AE48}.Debug|iPhoneSimulator.ActiveCfg = Debug|Any CPU
		{58F4FCD0-F1EA-4F79-90EF-5C1D3988AE48}.Debug|iPhoneSimulator.Build.0 = Debug|Any CPU
		{58F4FCD0-F1EA-4F79-90EF-5C1D3988AE48}.Debug|iPhoneSimulator.Deploy.0 = Debug|Any CPU
		{58F4FCD0-F1EA-4F79-90EF-5C1D3988AE48}.Release|Any CPU.ActiveCfg = Release|Any CPU
		{58F4FCD0-F1EA-4F79-90EF-5C1D3988AE48}.Release|Any CPU.Build.0 = Release|Any CPU
		{58F4FCD0-F1EA-4F79-90EF-5C1D3988AE48}.Release|Any CPU.Deploy.0 = Release|Any CPU
		{58F4FCD0-F1EA-4F79-90EF-5C1D3988AE48}.Release|iPhone.ActiveCfg = Release|Any CPU
		{58F4FCD0-F1EA-4F79-90EF-5C1D3988AE48}.Release|iPhone.Build.0 = Release|Any CPU
		{58F4FCD0-F1EA-4F79-90EF-5C1D3988AE48}.Release|iPhone.Deploy.0 = Release|Any CPU
		{58F4FCD0-F1EA-4F79-90EF-5C1D3988AE48}.Release|iPhoneSimulator.ActiveCfg = Release|Any CPU
		{58F4FCD0-F1EA-4F79-90EF-5C1D3988AE48}.Release|iPhoneSimulator.Build.0 = Release|Any CPU
		{58F4FCD0-F1EA-4F79-90EF-5C1D3988AE48}.Release|iPhoneSimulator.Deploy.0 = Release|Any CPU
	EndGlobalSection
	GlobalSection(SolutionProperties) = preSolution
		HideSolutionNode = FALSE
	EndGlobalSection
	GlobalSection(ExtensibilityGlobals) = postSolution
		SolutionGuid = {2ACDC501-79C7-4D1D-AB12-86A7F256D367}
	EndGlobalSection
EndGlobal
